
Microsoft Visual Studio Solution File, Format Version 12.00
# Visual Studio Version 17
VisualStudioVersion = 17.7.34221.43
MinimumVisualStudioVersion = 10.0.40219.1
Project("{FAE04EC0-301F-11D3-BF4B-00C04F79EFBC}") = "IncomeExpenseApp", "IncomeExpenseApp\IncomeExpenseApp.csproj", "{50DB586D-83A9-465E-BD6A-227A40F64C19}"
EndProject
Global
	GlobalSection(SolutionConfigurationPlatforms) = preSolution
		Debug|Any CPU = Debug|Any CPU
		Release|Any CPU = Release|Any CPU
	EndGlobalSection
	GlobalSection(ProjectConfigurationPlatforms) = postSolution
		{50DB586D-83A9-465E-BD6A-227A40F64C19}.Debug|Any CPU.ActiveCfg = Debug|Any CPU
		{50DB586D-83A9-465E-BD6A-227A40F64C19}.Debug|Any CPU.Build.0 = Debug|Any CPU
		{50DB586D-83A9-465E-BD6A-227A40F64C19}.Release|Any CPU.ActiveCfg = Release|Any CPU
		{50DB586D-83A9-465E-BD6A-227A40F64C19}.Release|Any CPU.Build.0 = Release|Any CPU
	EndGlobalSection
	GlobalSection(SolutionProperties) = preSolution
		HideSolutionNode = FALSE
	EndGlobalSection
	GlobalSection(ExtensibilityGlobals) = postSolution
		SolutionGuid = {C3F3AC67-1DC5-4645-BD90-CBEAA68EAEDB}
	EndGlobalSection
EndGlobal
